{
    "_meta": {
        "hash": {
            "sha256": "d7c4cc27e14aef28eb85d884c68e7bb9a3c064ce46522d4e3480d73d6b4285cb"
        },
        "pipfile-spec": 6,
        "requires": {
            "python_version": "3.9"
        },
        "sources": [
            {
                "name": "pypi",
                "url": "https://pypi.org/simple",
                "verify_ssl": true
            }
        ]
    },
    "default": {
        "uvicorn": {
            "extras": [
                "standard"
            ],
            "version": "*"
        }
    },
    "develop": {}
}
