{
    "_meta": {
        "hash": {
            "sha256": "e9bb7d7da599c8758d5cc0b9ba3a895e83c680d45810cc1f6907da6d44812d3c"
        },
        "pipfile-spec": 6,
        "requires": {
            "python_version": "3.9"
        },
        "sources": [
            {
                "name": "pypi",
                "url": "https://pypi.org/simple",
                "verify_ssl": true
            }
        ]
    },
    "default": {
        "uvicorn": {
            "extras": [
                "standard"
            ],
            "version": "*"
        }
    },
    "develop": {}
}
